{
  "name": "lab_5",
  "version": "1.0.0",
  "lockfileVersion": 2,
  "requires": true,
  "packages": {
    "": {
      "name": "lab_5",
      "version": "1.0.0",
      "license": "ISC",
      "dependencies": {
        "dateformat": "^5.0.1"
      }
    },
    "node_modules/dateformat": {
      "version": "5.0.1",
      "resolved": "https://registry.npmjs.org/dateformat/-/dateformat-5.0.1.tgz",
      "integrity": "sha512-DrcKxOW2am3mtqoJwBTK3OlWcF0QSk1p8diEWwpu3Mf//VdURD7XVaeOV738JvcaBiFfm9o2fisoMhiJH0aYxg==",
      "engines": {
        "node": ">=12.20"
      }
    }
  },
  "dependencies": {
    "dateformat": {
      "version": "5.0.1",
      "resolved": "https://registry.npmjs.org/dateformat/-/dateformat-5.0.1.tgz",
      "integrity": "sha512-DrcKxOW2am3mtqoJwBTK3OlWcF0QSk1p8diEWwpu3Mf//VdURD7XVaeOV738JvcaBiFfm9o2fisoMhiJH0aYxg=="
    }
  }
}
