{
  "name": "@pyrog/mtd_package",
  "version": "3.0.0",
  "lockfileVersion": 2,
  "requires": true,
  "packages": {
    "": {
      "name": "@pyrog/mtd_package",
      "version": "3.0.0",
      "license": "ISC",
      "dependencies": {
        "@pyrog/mtd_package": "^3.0.0",
        "nodemailer": "^6.7.0"
      }
    },
    "node_modules/@pyrog/mtd_package": {
      "version": "3.0.0",
      "resolved": "https://registry.npmjs.org/@pyrog/mtd_package/-/mtd_package-3.0.0.tgz",
      "integrity": "sha512-vER21Kd7xE8w1YbXpPFnGTHBYhWPtyFGzZz3lDKEi0a8EQL43SlXtnG/hzArY0a8zuqg1oFqohqfXpL+SQ6O9Q==",
      "dependencies": {
        "nodemailer": "^6.7.0"
      }
    },
    "node_modules/nodemailer": {
      "version": "6.7.0",
      "resolved": "https://registry.npmjs.org/nodemailer/-/nodemailer-6.7.0.tgz",
      "integrity": "sha512-AtiTVUFHLiiDnMQ43zi0YgkzHOEWUkhDgPlBXrsDzJiJvB29Alo4OKxHQ0ugF3gRqRQIneCLtZU3yiUo7pItZw==",
      "engines": {
        "node": ">=6.0.0"
      }
    }
  },
  "dependencies": {
    "@pyrog/mtd_package": {
      "version": "3.0.0",
      "resolved": "https://registry.npmjs.org/@pyrog/mtd_package/-/mtd_package-3.0.0.tgz",
      "integrity": "sha512-vER21Kd7xE8w1YbXpPFnGTHBYhWPtyFGzZz3lDKEi0a8EQL43SlXtnG/hzArY0a8zuqg1oFqohqfXpL+SQ6O9Q==",
      "requires": {
        "nodemailer": "^6.7.0"
      }
    },
    "nodemailer": {
      "version": "6.7.0",
      "resolved": "https://registry.npmjs.org/nodemailer/-/nodemailer-6.7.0.tgz",
      "integrity": "sha512-AtiTVUFHLiiDnMQ43zi0YgkzHOEWUkhDgPlBXrsDzJiJvB29Alo4OKxHQ0ugF3gRqRQIneCLtZU3yiUo7pItZw=="
    }
  }
}
